// !$*UTF8*$!
{
	archiveVersion = 1;
	classes = {
	};
	objectVersion = 46;
	objects = {

/* Begin PBXBuildFile section */
		7E55F6591DE2E5A700ED9300 /* SubmitVC.swift in Sources */ = {isa = PBXBuildFile; fileRef = 7E55F6581DE2E5A700ED9300 /* SubmitVC.swift */; };
		7E55F65B1DE2E5B700ED9300 /* AboutVC.swift in Sources */ = {isa = PBXBuildFile; fileRef = 7E55F65A1DE2E5B700ED9300 /* AboutVC.swift */; };
		7E55F65D1DE2E5C600ED9300 /* TermsVC.swift in Sources */ = {isa = PBXBuildFile; fileRef = 7E55F65C1DE2E5C600ED9300 /* TermsVC.swift */; };
		7E55F6641DE2F7B500ED9300 /* SVIndefiniteAnimatedView.m in Sources */ = {isa = PBXBuildFile; fileRef = 7E55F6601DE2F7B400ED9300 /* SVIndefiniteAnimatedView.m */; };
		7E55F6651DE2F7B500ED9300 /* SVProgressHUD.bundle in Resources */ = {isa = PBXBuildFile; fileRef = 7E55F6611DE2F7B400ED9300 /* SVProgressHUD.bundle */; };
		7E55F6661DE2F7B500ED9300 /* SVProgressHUD.m in Sources */ = {isa = PBXBuildFile; fileRef = 7E55F6631DE2F7B400ED9300 /* SVProgressHUD.m */; };
		7E6254EA1DDEE57A0079405A /* AppDelegate.swift in Sources */ = {isa = PBXBuildFile; fileRef = 7E6254E91DDEE57A0079405A /* AppDelegate.swift */; };
		7E6254EC1DDEE57A0079405A /* ViewController.swift in Sources */ = {isa = PBXBuildFile; fileRef = 7E6254EB1DDEE57A0079405A /* ViewController.swift */; };
		7E6254EF1DDEE57A0079405A /* Main.storyboard in Resources */ = {isa = PBXBuildFile; fileRef = 7E6254ED1DDEE57A0079405A /* Main.storyboard */; };
		7E6254F11DDEE57A0079405A /* Assets.xcassets in Resources */ = {isa = PBXBuildFile; fileRef = 7E6254F01DDEE57A0079405A /* Assets.xcassets */; };
		7E6254F41DDEE57A0079405A /* LaunchScreen.storyboard in Resources */ = {isa = PBXBuildFile; fileRef = 7E6254F21DDEE57A0079405A /* LaunchScreen.storyboard */; };
		7E6255051DDEF4170079405A /* slide1.jpg in Resources */ = {isa = PBXBuildFile; fileRef = 7E6254FF1DDEF4170079405A /* slide1.jpg */; };
		7E6255061DDEF4170079405A /* slide2.jpg in Resources */ = {isa = PBXBuildFile; fileRef = 7E6255001DDEF4170079405A /* slide2.jpg */; };
		7E6255071DDEF4170079405A /* slide3.jpg in Resources */ = {isa = PBXBuildFile; fileRef = 7E6255011DDEF4170079405A /* slide3.jpg */; };
		7E6255081DDEF4170079405A /* slide4.jpg in Resources */ = {isa = PBXBuildFile; fileRef = 7E6255021DDEF4170079405A /* slide4.jpg */; };
		7E62550D1DDEF5AC0079405A /* welcome.png in Resources */ = {isa = PBXBuildFile; fileRef = 7E62550C1DDEF5AC0079405A /* welcome.png */; };
		7E62550F1DDEF9610079405A /* splashLogo.png in Resources */ = {isa = PBXBuildFile; fileRef = 7E62550E1DDEF9610079405A /* splashLogo.png */; };
		7E6255111DDF4FA60079405A /* mainLogo.jpg in Resources */ = {isa = PBXBuildFile; fileRef = 7E6255101DDF4FA60079405A /* mainLogo.jpg */; };
		7E6255141DDF50680079405A /* TutorialPageViewController.swift in Sources */ = {isa = PBXBuildFile; fileRef = 7E6255131DDF50680079405A /* TutorialPageViewController.swift */; };
		7E6255161DDF50C00079405A /* HomeVC.swift in Sources */ = {isa = PBXBuildFile; fileRef = 7E6255151DDF50C00079405A /* HomeVC.swift */; };
/* End PBXBuildFile section */

/* Begin PBXFileReference section */
		7E55F6581DE2E5A700ED9300 /* SubmitVC.swift */ = {isa = PBXFileReference; fileEncoding = 4; lastKnownFileType = sourcecode.swift; path = SubmitVC.swift; sourceTree = "<group>"; };
		7E55F65A1DE2E5B700ED9300 /* AboutVC.swift */ = {isa = PBXFileReference; fileEncoding = 4; lastKnownFileType = sourcecode.swift; path = AboutVC.swift; sourceTree = "<group>"; };
		7E55F65C1DE2E5C600ED9300 /* TermsVC.swift */ = {isa = PBXFileReference; fileEncoding = 4; lastKnownFileType = sourcecode.swift; path = TermsVC.swift; sourceTree = "<group>"; };
		7E55F65F1DE2F7B400ED9300 /* SVIndefiniteAnimatedView.h */ = {isa = PBXFileReference; fileEncoding = 4; lastKnownFileType = sourcecode.c.h; path = SVIndefiniteAnimatedView.h; sourceTree = "<group>"; };
		7E55F6601DE2F7B400ED9300 /* SVIndefiniteAnimatedView.m */ = {isa = PBXFileReference; fileEncoding = 4; lastKnownFileType = sourcecode.c.objc; path = SVIndefiniteAnimatedView.m; sourceTree = "<group>"; };
		7E55F6611DE2F7B400ED9300 /* SVProgressHUD.bundle */ = {isa = PBXFileReference; lastKnownFileType = "wrapper.plug-in"; path = SVProgressHUD.bundle; sourceTree = "<group>"; };
		7E55F6621DE2F7B400ED9300 /* SVProgressHUD.h */ = {isa = PBXFileReference; fileEncoding = 4; lastKnownFileType = sourcecode.c.h; path = SVProgressHUD.h; sourceTree = "<group>"; };
		7E55F6631DE2F7B400ED9300 /* SVProgressHUD.m */ = {isa = PBXFileReference; fileEncoding = 4; lastKnownFileType = sourcecode.c.objc; path = SVProgressHUD.m; sourceTree = "<group>"; };
		7E55F6671DE2F7F200ED9300 /* NJR Home Services-Prefix-Header.pch */ = {isa = PBXFileReference; lastKnownFileType = sourcecode.c.h; path = "NJR Home Services-Prefix-Header.pch"; sourceTree = "<group>"; };
		7E6254E61DDEE57A0079405A /* NJR Home Services.app */ = {isa = PBXFileReference; explicitFileType = wrapper.application; includeInIndex = 0; path = "NJR Home Services.app"; sourceTree = BUILT_PRODUCTS_DIR; };
		7E6254E91DDEE57A0079405A /* AppDelegate.swift */ = {isa = PBXFileReference; lastKnownFileType = sourcecode.swift; path = AppDelegate.swift; sourceTree = "<group>"; };
		7E6254EB1DDEE57A0079405A /* ViewController.swift */ = {isa = PBXFileReference; lastKnownFileType = sourcecode.swift; path = ViewController.swift; sourceTree = "<group>"; };
		7E6254EE1DDEE57A0079405A /* Base */ = {isa = PBXFileReference; lastKnownFileType = file.storyboard; name = Base; path = Base.lproj/Main.storyboard; sourceTree = "<group>"; };
		7E6254F01DDEE57A0079405A /* Assets.xcassets */ = {isa = PBXFileReference; lastKnownFileType = folder.assetcatalog; path = Assets.xcassets; sourceTree = "<group>"; };
		7E6254F31DDEE57A0079405A /* Base */ = {isa = PBXFileReference; lastKnownFileType = file.storyboard; name = Base; path = Base.lproj/LaunchScreen.storyboard; sourceTree = "<group>"; };
		7E6254F51DDEE57A0079405A /* Info.plist */ = {isa = PBXFileReference; lastKnownFileType = text.plist.xml; path = Info.plist; sourceTree = "<group>"; };
		7E6254FF1DDEF4170079405A /* slide1.jpg */ = {isa = PBXFileReference; lastKnownFileType = image.jpeg; path = slide1.jpg; sourceTree = "<group>"; };
		7E6255001DDEF4170079405A /* slide2.jpg */ = {isa = PBXFileReference; lastKnownFileType = image.jpeg; path = slide2.jpg; sourceTree = "<group>"; };
		7E6255011DDEF4170079405A /* slide3.jpg */ = {isa = PBXFileReference; lastKnownFileType = image.jpeg; path = slide3.jpg; sourceTree = "<group>"; };
		7E6255021DDEF4170079405A /* slide4.jpg */ = {isa = PBXFileReference; lastKnownFileType = image.jpeg; path = slide4.jpg; sourceTree = "<group>"; };
		7E62550C1DDEF5AC0079405A /* welcome.png */ = {isa = PBXFileReference; lastKnownFileType = image.png; path = welcome.png; sourceTree = "<group>"; };
		7E62550E1DDEF9610079405A /* splashLogo.png */ = {isa = PBXFileReference; lastKnownFileType = image.png; path = splashLogo.png; sourceTree = "<group>"; };
		7E6255101DDF4FA60079405A /* mainLogo.jpg */ = {isa = PBXFileReference; lastKnownFileType = image.jpeg; path = mainLogo.jpg; sourceTree = "<group>"; };
		7E6255131DDF50680079405A /* TutorialPageViewController.swift */ = {isa = PBXFileReference; fileEncoding = 4; lastKnownFileType = sourcecode.swift; path = TutorialPageViewController.swift; sourceTree = "<group>"; };
		7E6255151DDF50C00079405A /* HomeVC.swift */ = {isa = PBXFileReference; fileEncoding = 4; lastKnownFileType = sourcecode.swift; path = HomeVC.swift; sourceTree = "<group>"; };
/* End PBXFileReference section */

/* Begin PBXFrameworksBuildPhase section */
		7E6254E31DDEE5760079405A /* Frameworks */ = {
			isa = PBXFrameworksBuildPhase;
			buildActionMask = 2147483647;
			files = (
			);
			runOnlyForDeploymentPostprocessing = 0;
		};
/* End PBXFrameworksBuildPhase section */

/* Begin PBXGroup section */
		7E55F65E1DE2F7B400ED9300 /* SVProgressHUD */ = {
			isa = PBXGroup;
			children = (
				7E55F65F1DE2F7B400ED9300 /* SVIndefiniteAnimatedView.h */,
				7E55F6601DE2F7B400ED9300 /* SVIndefiniteAnimatedView.m */,
				7E55F6611DE2F7B400ED9300 /* SVProgressHUD.bundle */,
				7E55F6621DE2F7B400ED9300 /* SVProgressHUD.h */,
				7E55F6631DE2F7B400ED9300 /* SVProgressHUD.m */,
			);
			path = SVProgressHUD;
			sourceTree = "<group>";
		};
		7E6254DD1DDEE5760079405A = {
			isa = PBXGroup;
			children = (
				7E55F6671DE2F7F200ED9300 /* NJR Home Services-Prefix-Header.pch */,
				7E6254E81DDEE57A0079405A /* NJR Home Services */,
				7E6254E71DDEE57A0079405A /* Products */,
			);
			sourceTree = "<group>";
		};
		7E6254E71DDEE57A0079405A /* Products */ = {
			isa = PBXGroup;
			children = (
				7E6254E61DDEE57A0079405A /* NJR Home Services.app */,
			);
			name = Products;
			sourceTree = "<group>";
		};
		7E6254E81DDEE57A0079405A /* NJR Home Services */ = {
			isa = PBXGroup;
			children = (
				7E6255121DDF50680079405A /* Utilities */,
				7E6254FD1DDEF4170079405A /* Resource */,
				7E6254FC1DDEF4170079405A /* Model */,
				7E6255041DDEF4170079405A /* View */,
				7E6254FB1DDEF4170079405A /* Controller */,
				7E6254E91DDEE57A0079405A /* AppDelegate.swift */,
				7E6254EB1DDEE57A0079405A /* ViewController.swift */,
				7E6254ED1DDEE57A0079405A /* Main.storyboard */,
				7E6254F01DDEE57A0079405A /* Assets.xcassets */,
				7E6254F21DDEE57A0079405A /* LaunchScreen.storyboard */,
				7E6254F51DDEE57A0079405A /* Info.plist */,
			);
			path = "NJR Home Services";
			sourceTree = "<group>";
		};
		7E6254FB1DDEF4170079405A /* Controller */ = {
			isa = PBXGroup;
			children = (
				7E6255151DDF50C00079405A /* HomeVC.swift */,
				7E55F6581DE2E5A700ED9300 /* SubmitVC.swift */,
				7E55F65A1DE2E5B700ED9300 /* AboutVC.swift */,
				7E55F65C1DE2E5C600ED9300 /* TermsVC.swift */,
			);
			path = Controller;
			sourceTree = "<group>";
		};
		7E6254FC1DDEF4170079405A /* Model */ = {
			isa = PBXGroup;
			children = (
			);
			path = Model;
			sourceTree = "<group>";
		};
		7E6254FD1DDEF4170079405A /* Resource */ = {
			isa = PBXGroup;
			children = (
				7E6254FE1DDEF4170079405A /* Images */,
			);
			path = Resource;
			sourceTree = "<group>";
		};
		7E6254FE1DDEF4170079405A /* Images */ = {
			isa = PBXGroup;
			children = (
				7E6255101DDF4FA60079405A /* mainLogo.jpg */,
				7E62550E1DDEF9610079405A /* splashLogo.png */,
				7E62550C1DDEF5AC0079405A /* welcome.png */,
				7E6254FF1DDEF4170079405A /* slide1.jpg */,
				7E6255001DDEF4170079405A /* slide2.jpg */,
				7E6255011DDEF4170079405A /* slide3.jpg */,
				7E6255021DDEF4170079405A /* slide4.jpg */,
			);
			path = Images;
			sourceTree = "<group>";
		};
		7E6255041DDEF4170079405A /* View */ = {
			isa = PBXGroup;
			children = (
			);
			path = View;
			sourceTree = "<group>";
		};
		7E6255121DDF50680079405A /* Utilities */ = {
			isa = PBXGroup;
			children = (
				7E55F65E1DE2F7B400ED9300 /* SVProgressHUD */,
				7E6255131DDF50680079405A /* TutorialPageViewController.swift */,
			);
			path = Utilities;
			sourceTree = "<group>";
		};
/* End PBXGroup section */

/* Begin PBXNativeTarget section */
		7E6254E51DDEE5760079405A /* NJR Home Services */ = {
			isa = PBXNativeTarget;
			buildConfigurationList = 7E6254F81DDEE57A0079405A /* Build configuration list for PBXNativeTarget "NJR Home Services" */;
			buildPhases = (
				7E6254E21DDEE5760079405A /* Sources */,
				7E6254E31DDEE5760079405A /* Frameworks */,
				7E6254E41DDEE5760079405A /* Resources */,
			);
			buildRules = (
			);
			dependencies = (
			);
			name = "NJR Home Services";
			productName = "NJR Home Services";
			productReference = 7E6254E61DDEE57A0079405A /* NJR Home Services.app */;
			productType = "com.apple.product-type.application";
		};
/* End PBXNativeTarget section */

/* Begin PBXProject section */
		7E6254DE1DDEE5760079405A /* Project object */ = {
			isa = PBXProject;
			attributes = {
				LastSwiftUpdateCheck = 0810;
				LastUpgradeCheck = 0810;
				ORGANIZATIONNAME = Bogdan;
				TargetAttributes = {
					7E6254E51DDEE5760079405A = {
						CreatedOnToolsVersion = 8.1;
						ProvisioningStyle = Automatic;
					};
				};
			};
			buildConfigurationList = 7E6254E11DDEE5760079405A /* Build configuration list for PBXProject "NJR Home Services" */;
			compatibilityVersion = "Xcode 3.2";
			developmentRegion = English;
			hasScannedForEncodings = 0;
			knownRegions = (
				en,
				Base,
			);
			mainGroup = 7E6254DD1DDEE5760079405A;
			productRefGroup = 7E6254E71DDEE57A0079405A /* Products */;
			projectDirPath = "";
			projectRoot = "";
			targets = (
				7E6254E51DDEE5760079405A /* NJR Home Services */,
			);
		};
/* End PBXProject section */

/* Begin PBXResourcesBuildPhase section */
		7E6254E41DDEE5760079405A /* Resources */ = {
			isa = PBXResourcesBuildPhase;
			buildActionMask = 2147483647;
			files = (
				7E6255061DDEF4170079405A /* slide2.jpg in Resources */,
				7E6254F41DDEE57A0079405A /* LaunchScreen.storyboard in Resources */,
				7E62550D1DDEF5AC0079405A /* welcome.png in Resources */,
				7E6255111DDF4FA60079405A /* mainLogo.jpg in Resources */,
				7E6254F11DDEE57A0079405A /* Assets.xcassets in Resources */,
				7E6255081DDEF4170079405A /* slide4.jpg in Resources */,
				7E6255071DDEF4170079405A /* slide3.jpg in Resources */,
				7E6254EF1DDEE57A0079405A /* Main.storyboard in Resources */,
				7E62550F1DDEF9610079405A /* splashLogo.png in Resources */,
				7E6255051DDEF4170079405A /* slide1.jpg in Resources */,
				7E55F6651DE2F7B500ED9300 /* SVProgressHUD.bundle in Resources */,
			);
			runOnlyForDeploymentPostprocessing = 0;
		};
/* End PBXResourcesBuildPhase section */

/* Begin PBXSourcesBuildPhase section */
		7E6254E21DDEE5760079405A /* Sources */ = {
			isa = PBXSourcesBuildPhase;
			buildActionMask = 2147483647;
			files = (
				7E55F6591DE2E5A700ED9300 /* SubmitVC.swift in Sources */,
				7E6254EC1DDEE57A0079405A /* ViewController.swift in Sources */,
				7E55F65B1DE2E5B700ED9300 /* AboutVC.swift in Sources */,
				7E55F6641DE2F7B500ED9300 /* SVIndefiniteAnimatedView.m in Sources */,
				7E6255161DDF50C00079405A /* HomeVC.swift in Sources */,
				7E55F6661DE2F7B500ED9300 /* SVProgressHUD.m in Sources */,
				7E6254EA1DDEE57A0079405A /* AppDelegate.swift in Sources */,
				7E55F65D1DE2E5C600ED9300 /* TermsVC.swift in Sources */,
				7E6255141DDF50680079405A /* TutorialPageViewController.swift in Sources */,
			);
			runOnlyForDeploymentPostprocessing = 0;
		};
/* End PBXSourcesBuildPhase section */

/* Begin PBXVariantGroup section */
		7E6254ED1DDEE57A0079405A /* Main.storyboard */ = {
			isa = PBXVariantGroup;
			children = (
				7E6254EE1DDEE57A0079405A /* Base */,
			);
			name = Main.storyboard;
			sourceTree = "<group>";
		};
		7E6254F21DDEE57A0079405A /* LaunchScreen.storyboard */ = {
			isa = PBXVariantGroup;
			children = (
				7E6254F31DDEE57A0079405A /* Base */,
			);
			name = LaunchScreen.storyboard;
			sourceTree = "<group>";
		};
/* End PBXVariantGroup section */

/* Begin XCBuildConfiguration section */
		7E6254F61DDEE57A0079405A /* Debug */ = {
			isa = XCBuildConfiguration;
			buildSettings = {
				ALWAYS_SEARCH_USER_PATHS = NO;
				CLANG_ANALYZER_NONNULL = YES;
				CLANG_CXX_LANGUAGE_STANDARD = "gnu++0x";
				CLANG_CXX_LIBRARY = "libc++";
				CLANG_ENABLE_MODULES = YES;
				CLANG_ENABLE_OBJC_ARC = YES;
				CLANG_WARN_BOOL_CONVERSION = YES;
				CLANG_WARN_CONSTANT_CONVERSION = YES;
				CLANG_WARN_DIRECT_OBJC_ISA_USAGE = YES_ERROR;
				CLANG_WARN_DOCUMENTATION_COMMENTS = YES;
				CLANG_WARN_EMPTY_BODY = YES;
				CLANG_WARN_ENUM_CONVERSION = YES;
				CLANG_WARN_INFINITE_RECURSION = YES;
				CLANG_WARN_INT_CONVERSION = YES;
				CLANG_WARN_OBJC_ROOT_CLASS = YES_ERROR;
				CLANG_WARN_SUSPICIOUS_MOVES = YES;
				CLANG_WARN_UNREACHABLE_CODE = YES;
				CLANG_WARN__DUPLICATE_METHOD_MATCH = YES;
				"CODE_SIGN_IDENTITY[sdk=iphoneos*]" = "iPhone Developer";
				COPY_PHASE_STRIP = NO;
				DEBUG_INFORMATION_FORMAT = dwarf;
				ENABLE_STRICT_OBJC_MSGSEND = YES;
				ENABLE_TESTABILITY = YES;
				GCC_C_LANGUAGE_STANDARD = gnu99;
				GCC_DYNAMIC_NO_PIC = NO;
				GCC_NO_COMMON_BLOCKS = YES;
				GCC_OPTIMIZATION_LEVEL = 0;
				GCC_PREPROCESSOR_DEFINITIONS = (
					"DEBUG=1",
					"$(inherited)",
				);
				GCC_WARN_64_TO_32_BIT_CONVERSION = YES;
				GCC_WARN_ABOUT_RETURN_TYPE = YES_ERROR;
				GCC_WARN_UNDECLARED_SELECTOR = YES;
				GCC_WARN_UNINITIALIZED_AUTOS = YES_AGGRESSIVE;
				GCC_WARN_UNUSED_FUNCTION = YES;
				GCC_WARN_UNUSED_VARIABLE = YES;
				IPHONEOS_DEPLOYMENT_TARGET = 10.1;
				MTL_ENABLE_DEBUG_INFO = YES;
				ONLY_ACTIVE_ARCH = YES;
				SDKROOT = iphoneos;
				SWIFT_ACTIVE_COMPILATION_CONDITIONS = DEBUG;
				SWIFT_OPTIMIZATION_LEVEL = "-Onone";
				TARGETED_DEVICE_FAMILY = "1,2";
			};
			name = Debug;
		};
		7E6254F71DDEE57A0079405A /* Release */ = {
			isa = XCBuildConfiguration;
			buildSettings = {
				ALWAYS_SEARCH_USER_PATHS = NO;
				CLANG_ANALYZER_NONNULL = YES;
				CLANG_CXX_LANGUAGE_STANDARD = "gnu++0x";
				CLANG_CXX_LIBRARY = "libc++";
				CLANG_ENABLE_MODULES = YES;
				CLANG_ENABLE_OBJC_ARC = YES;
				CLANG_WARN_BOOL_CONVERSION = YES;
				CLANG_WARN_CONSTANT_CONVERSION = YES;
				CLANG_WARN_DIRECT_OBJC_ISA_USAGE = YES_ERROR;
				CLANG_WARN_DOCUMENTATION_COMMENTS = YES;
				CLANG_WARN_EMPTY_BODY = YES;
				CLANG_WARN_ENUM_CONVERSION = YES;
				CLANG_WARN_INFINITE_RECURSION = YES;
				CLANG_WARN_INT_CONVERSION = YES;
				CLANG_WARN_OBJC_ROOT_CLASS = YES_ERROR;
				CLANG_WARN_SUSPICIOUS_MOVES = YES;
				CLANG_WARN_UNREACHABLE_CODE = YES;
				CLANG_WARN__DUPLICATE_METHOD_MATCH = YES;
				"CODE_SIGN_IDENTITY[sdk=iphoneos*]" = "iPhone Developer";
				COPY_PHASE_STRIP = NO;
				DEBUG_INFORMATION_FORMAT = "dwarf-with-dsym";
				ENABLE_NS_ASSERTIONS = NO;
				ENABLE_STRICT_OBJC_MSGSEND = YES;
				GCC_C_LANGUAGE_STANDARD = gnu99;
				GCC_NO_COMMON_BLOCKS = YES;
				GCC_WARN_64_TO_32_BIT_CONVERSION = YES;
				GCC_WARN_ABOUT_RETURN_TYPE = YES_ERROR;
				GCC_WARN_UNDECLARED_SELECTOR = YES;
				GCC_WARN_UNINITIALIZED_AUTOS = YES_AGGRESSIVE;
				GCC_WARN_UNUSED_FUNCTION = YES;
				GCC_WARN_UNUSED_VARIABLE = YES;
				IPHONEOS_DEPLOYMENT_TARGET = 10.1;
				MTL_ENABLE_DEBUG_INFO = NO;
				SDKROOT = iphoneos;
				SWIFT_OPTIMIZATION_LEVEL = "-Owholemodule";
				TARGETED_DEVICE_FAMILY = "1,2";
				VALIDATE_PRODUCT = YES;
			};
			name = Release;
		};
		7E6254F91DDEE57A0079405A /* Debug */ = {
			isa = XCBuildConfiguration;
			buildSettings = {
				ASSETCATALOG_COMPILER_APPICON_NAME = AppIcon;
				INFOPLIST_FILE = "NJR Home Services/Info.plist";
				LD_RUNPATH_SEARCH_PATHS = "$(inherited) @executable_path/Frameworks";
				PRODUCT_BUNDLE_IDENTIFIER = "bogdanBetaTest.NJR-Home-Services";
				PRODUCT_NAME = "$(TARGET_NAME)";
				SWIFT_OBJC_BRIDGING_HEADER = "NJR Home Services-Prefix-Header.pch";
				SWIFT_VERSION = 3.0;
			};
			name = Debug;
		};
		7E6254FA1DDEE57A0079405A /* Release */ = {
			isa = XCBuildConfiguration;
			buildSettings = {
				ASSETCATALOG_COMPILER_APPICON_NAME = AppIcon;
				INFOPLIST_FILE = "NJR Home Services/Info.plist";
				LD_RUNPATH_SEARCH_PATHS = "$(inherited) @executable_path/Frameworks";
				PRODUCT_BUNDLE_IDENTIFIER = "bogdanBetaTest.NJR-Home-Services";
				PRODUCT_NAME = "$(TARGET_NAME)";
				SWIFT_OBJC_BRIDGING_HEADER = "NJR Home Services-Prefix-Header.pch";
				SWIFT_VERSION = 3.0;
			};
			name = Release;
		};
/* End XCBuildConfiguration section */

/* Begin XCConfigurationList section */
		7E6254E11DDEE5760079405A /* Build configuration list for PBXProject "NJR Home Services" */ = {
			isa = XCConfigurationList;
			buildConfigurations = (
				7E6254F61DDEE57A0079405A /* Debug */,
				7E6254F71DDEE57A0079405A /* Release */,
			);
			defaultConfigurationIsVisible = 0;
			defaultConfigurationName = Release;
		};
		7E6254F81DDEE57A0079405A /* Build configuration list for PBXNativeTarget "NJR Home Services" */ = {
			isa = XCConfigurationList;
			buildConfigurations = (
				7E6254F91DDEE57A0079405A /* Debug */,
				7E6254FA1DDEE57A0079405A /* Release */,
			);
			defaultConfigurationIsVisible = 0;
			defaultConfigurationName = Release;
		};
/* End XCConfigurationList section */
	};
	rootObject = 7E6254DE1DDEE5760079405A /* Project object */;
}
